
Microsoft Visual Studio Solution File, Format Version 11.00
# Visual Studio 2010
Project("{F184B08F-C81C-45F6-A57F-5ABD9991F28F}") = "ClassExample", "ClassExample\ClassExample.vbproj", "{177E83B3-02D0-468A-9DB7-3F0C16EE2FEE}"
EndProject
Global
	GlobalSection(SolutionConfigurationPlatforms) = preSolution
		Debug|x86 = Debug|x86
		Release|x86 = Release|x86
	EndGlobalSection
	GlobalSection(ProjectConfigurationPlatforms) = postSolution
		{177E83B3-02D0-468A-9DB7-3F0C16EE2FEE}.Debug|x86.ActiveCfg = Debug|x86
		{177E83B3-02D0-468A-9DB7-3F0C16EE2FEE}.Debug|x86.Build.0 = Debug|x86
		{177E83B3-02D0-468A-9DB7-3F0C16EE2FEE}.Release|x86.ActiveCfg = Release|x86
		{177E83B3-02D0-468A-9DB7-3F0C16EE2FEE}.Release|x86.Build.0 = Release|x86
	EndGlobalSection
	GlobalSection(SolutionProperties) = preSolution
		HideSolutionNode = FALSE
	EndGlobalSection
EndGlobal
