
Microsoft Visual Studio Solution File, Format Version 11.00
# Visual Studio 2010
Project("{F184B08F-C81C-45F6-A57F-5ABD9991F28F}") = "MyFunction", "MyFunction\MyFunction.vbproj", "{147A8ACC-776B-4932-A494-6638B8DE156F}"
EndProject
Global
	GlobalSection(SolutionConfigurationPlatforms) = preSolution
		Debug|x86 = Debug|x86
		Release|x86 = Release|x86
	EndGlobalSection
	GlobalSection(ProjectConfigurationPlatforms) = postSolution
		{147A8ACC-776B-4932-A494-6638B8DE156F}.Debug|x86.ActiveCfg = Debug|x86
		{147A8ACC-776B-4932-A494-6638B8DE156F}.Debug|x86.Build.0 = Debug|x86
		{147A8ACC-776B-4932-A494-6638B8DE156F}.Release|x86.ActiveCfg = Release|x86
		{147A8ACC-776B-4932-A494-6638B8DE156F}.Release|x86.Build.0 = Release|x86
	EndGlobalSection
	GlobalSection(SolutionProperties) = preSolution
		HideSolutionNode = FALSE
	EndGlobalSection
EndGlobal
