
Microsoft Visual Studio Solution File, Format Version 11.00
# Visual Studio 2010
Project("{F184B08F-C81C-45F6-A57F-5ABD9991F28F}") = "Base Form", "Base Form\Base Form.vbproj", "{F193FFF4-327A-4610-928B-DDB93F1B26B3}"
EndProject
Project("{F184B08F-C81C-45F6-A57F-5ABD9991F28F}") = "Inherited Form", "Inherited Form\Inherited Form.vbproj", "{98D6D2C8-F6EA-474A-9BE1-1355AB92DDA3}"
EndProject
Global
	GlobalSection(SolutionConfigurationPlatforms) = preSolution
		Debug|x86 = Debug|x86
		Release|x86 = Release|x86
	EndGlobalSection
	GlobalSection(ProjectConfigurationPlatforms) = postSolution
		{F193FFF4-327A-4610-928B-DDB93F1B26B3}.Debug|x86.ActiveCfg = Debug|x86
		{F193FFF4-327A-4610-928B-DDB93F1B26B3}.Debug|x86.Build.0 = Debug|x86
		{F193FFF4-327A-4610-928B-DDB93F1B26B3}.Release|x86.ActiveCfg = Release|x86
		{F193FFF4-327A-4610-928B-DDB93F1B26B3}.Release|x86.Build.0 = Release|x86
		{98D6D2C8-F6EA-474A-9BE1-1355AB92DDA3}.Debug|x86.ActiveCfg = Debug|x86
		{98D6D2C8-F6EA-474A-9BE1-1355AB92DDA3}.Debug|x86.Build.0 = Debug|x86
		{98D6D2C8-F6EA-474A-9BE1-1355AB92DDA3}.Release|x86.ActiveCfg = Release|x86
		{98D6D2C8-F6EA-474A-9BE1-1355AB92DDA3}.Release|x86.Build.0 = Release|x86
	EndGlobalSection
	GlobalSection(SolutionProperties) = preSolution
		HideSolutionNode = FALSE
	EndGlobalSection
EndGlobal
