
Microsoft Visual Studio Solution File, Format Version 11.00
# Visual Studio 2010
Project("{F184B08F-C81C-45F6-A57F-5ABD9991F28F}") = "MySubProcedure", "MySubProcedure\MySubProcedure.vbproj", "{38455191-01CA-4A98-B988-5FF3DA8A88B7}"
EndProject
Global
	GlobalSection(SolutionConfigurationPlatforms) = preSolution
		Debug|x86 = Debug|x86
		Release|x86 = Release|x86
	EndGlobalSection
	GlobalSection(ProjectConfigurationPlatforms) = postSolution
		{38455191-01CA-4A98-B988-5FF3DA8A88B7}.Debug|x86.ActiveCfg = Debug|x86
		{38455191-01CA-4A98-B988-5FF3DA8A88B7}.Debug|x86.Build.0 = Debug|x86
		{38455191-01CA-4A98-B988-5FF3DA8A88B7}.Release|x86.ActiveCfg = Release|x86
		{38455191-01CA-4A98-B988-5FF3DA8A88B7}.Release|x86.Build.0 = Release|x86
	EndGlobalSection
	GlobalSection(SolutionProperties) = preSolution
		HideSolutionNode = FALSE
	EndGlobalSection
EndGlobal
