
Microsoft Visual Studio Solution File, Format Version 11.00
# Visual Studio 2010
Project("{F184B08F-C81C-45F6-A57F-5ABD9991F28F}") = "MyInheritance", "MyInheritance\MyInheritance.vbproj", "{B8A5A75E-1716-458B-A446-A862E6104F2A}"
EndProject
Global
	GlobalSection(SolutionConfigurationPlatforms) = preSolution
		Debug|x86 = Debug|x86
		Release|x86 = Release|x86
	EndGlobalSection
	GlobalSection(ProjectConfigurationPlatforms) = postSolution
		{B8A5A75E-1716-458B-A446-A862E6104F2A}.Debug|x86.ActiveCfg = Debug|x86
		{B8A5A75E-1716-458B-A446-A862E6104F2A}.Debug|x86.Build.0 = Debug|x86
		{B8A5A75E-1716-458B-A446-A862E6104F2A}.Release|x86.ActiveCfg = Release|x86
		{B8A5A75E-1716-458B-A446-A862E6104F2A}.Release|x86.Build.0 = Release|x86
	EndGlobalSection
	GlobalSection(SolutionProperties) = preSolution
		HideSolutionNode = FALSE
	EndGlobalSection
EndGlobal
